// !$*UTF8*$!
{
	archiveVersion = 1;
	classes = {
	};
	objectVersion = 50;
	objects = {

/* Begin PBXBuildFile section */
		6B29745F207F027E00ADE112 /* AppDelegate.m in Sources */ = {isa = PBXBuildFile; fileRef = 6B29745E207F027E00ADE112 /* AppDelegate.m */; };
		6B297462207F027E00ADE112 /* ViewController.m in Sources */ = {isa = PBXBuildFile; fileRef = 6B297461207F027E00ADE112 /* ViewController.m */; };
		6B297464207F028000ADE112 /* Assets.xcassets in Resources */ = {isa = PBXBuildFile; fileRef = 6B297463207F028000ADE112 /* Assets.xcassets */; };
		6B297467207F028000ADE112 /* Main.storyboard in Resources */ = {isa = PBXBuildFile; fileRef = 6B297465207F028000ADE112 /* Main.storyboard */; };
		6B29746A207F028000ADE112 /* main.m in Sources */ = {isa = PBXBuildFile; fileRef = 6B297469207F028000ADE112 /* main.m */; };
		6B297473207F207F00ADE112 /* PrefsViewController.m in Sources */ = {isa = PBXBuildFile; fileRef = 6B297472207F207F00ADE112 /* PrefsViewController.m */; };
		6B297479207F328700ADE112 /* DMEggTimer.m in Sources */ = {isa = PBXBuildFile; fileRef = 6B297478207F328700ADE112 /* DMEggTimer.m */; };
		6B29747C207F426E00ADE112 /* DMPreferences.m in Sources */ = {isa = PBXBuildFile; fileRef = 6B29747B207F426E00ADE112 /* DMPreferences.m */; };
		6B29747E207F4B7A00ADE112 /* ding.mp3 in Resources */ = {isa = PBXBuildFile; fileRef = 6B29747D207F4B7A00ADE112 /* ding.mp3 */; };
/* End PBXBuildFile section */

/* Begin PBXFileReference section */
		6B29745A207F027E00ADE112 /* DMMacEggTimer.app */ = {isa = PBXFileReference; explicitFileType = wrapper.application; includeInIndex = 0; path = DMMacEggTimer.app; sourceTree = BUILT_PRODUCTS_DIR; };
		6B29745D207F027E00ADE112 /* AppDelegate.h */ = {isa = PBXFileReference; lastKnownFileType = sourcecode.c.h; path = AppDelegate.h; sourceTree = "<group>"; };
		6B29745E207F027E00ADE112 /* AppDelegate.m */ = {isa = PBXFileReference; lastKnownFileType = sourcecode.c.objc; path = AppDelegate.m; sourceTree = "<group>"; };
		6B297460207F027E00ADE112 /* ViewController.h */ = {isa = PBXFileReference; lastKnownFileType = sourcecode.c.h; path = ViewController.h; sourceTree = "<group>"; };
		6B297461207F027E00ADE112 /* ViewController.m */ = {isa = PBXFileReference; lastKnownFileType = sourcecode.c.objc; path = ViewController.m; sourceTree = "<group>"; };
		6B297463207F028000ADE112 /* Assets.xcassets */ = {isa = PBXFileReference; lastKnownFileType = folder.assetcatalog; path = Assets.xcassets; sourceTree = "<group>"; };
		6B297466207F028000ADE112 /* Base */ = {isa = PBXFileReference; lastKnownFileType = file.storyboard; name = Base; path = Base.lproj/Main.storyboard; sourceTree = "<group>"; };
		6B297468207F028000ADE112 /* Info.plist */ = {isa = PBXFileReference; lastKnownFileType = text.plist.xml; path = Info.plist; sourceTree = "<group>"; };
		6B297469207F028000ADE112 /* main.m */ = {isa = PBXFileReference; lastKnownFileType = sourcecode.c.objc; path = main.m; sourceTree = "<group>"; };
		6B29746B207F028000ADE112 /* DMMacEggTimer.entitlements */ = {isa = PBXFileReference; lastKnownFileType = text.plist.entitlements; path = DMMacEggTimer.entitlements; sourceTree = "<group>"; };
		6B297471207F207F00ADE112 /* PrefsViewController.h */ = {isa = PBXFileReference; lastKnownFileType = sourcecode.c.h; path = PrefsViewController.h; sourceTree = "<group>"; };
		6B297472207F207F00ADE112 /* PrefsViewController.m */ = {isa = PBXFileReference; lastKnownFileType = sourcecode.c.objc; path = PrefsViewController.m; sourceTree = "<group>"; };
		6B297477207F328700ADE112 /* DMEggTimer.h */ = {isa = PBXFileReference; lastKnownFileType = sourcecode.c.h; path = DMEggTimer.h; sourceTree = "<group>"; };
		6B297478207F328700ADE112 /* DMEggTimer.m */ = {isa = PBXFileReference; lastKnownFileType = sourcecode.c.objc; path = DMEggTimer.m; sourceTree = "<group>"; };
		6B29747A207F426E00ADE112 /* DMPreferences.h */ = {isa = PBXFileReference; lastKnownFileType = sourcecode.c.h; path = DMPreferences.h; sourceTree = "<group>"; };
		6B29747B207F426E00ADE112 /* DMPreferences.m */ = {isa = PBXFileReference; lastKnownFileType = sourcecode.c.objc; path = DMPreferences.m; sourceTree = "<group>"; };
		6B29747D207F4B7A00ADE112 /* ding.mp3 */ = {isa = PBXFileReference; lastKnownFileType = audio.mp3; path = ding.mp3; sourceTree = "<group>"; };
/* End PBXFileReference section */

/* Begin PBXFrameworksBuildPhase section */
		6B297457207F027E00ADE112 /* Frameworks */ = {
			isa = PBXFrameworksBuildPhase;
			buildActionMask = 2147483647;
			files = (
			);
			runOnlyForDeploymentPostprocessing = 0;
		};
/* End PBXFrameworksBuildPhase section */

/* Begin PBXGroup section */
		6B297451207F027E00ADE112 = {
			isa = PBXGroup;
			children = (
				6B29745C207F027E00ADE112 /* DMMacEggTimer */,
				6B29745B207F027E00ADE112 /* Products */,
			);
			sourceTree = "<group>";
		};
		6B29745B207F027E00ADE112 /* Products */ = {
			isa = PBXGroup;
			children = (
				6B29745A207F027E00ADE112 /* DMMacEggTimer.app */,
			);
			name = Products;
			sourceTree = "<group>";
		};
		6B29745C207F027E00ADE112 /* DMMacEggTimer */ = {
			isa = PBXGroup;
			children = (
				6B29745D207F027E00ADE112 /* AppDelegate.h */,
				6B29745E207F027E00ADE112 /* AppDelegate.m */,
				6B297474207F30C100ADE112 /* ViewControllers */,
				6B297475207F30F200ADE112 /* Model */,
				6B297463207F028000ADE112 /* Assets.xcassets */,
				6B297465207F028000ADE112 /* Main.storyboard */,
				6B29747D207F4B7A00ADE112 /* ding.mp3 */,
				6B297476207F311A00ADE112 /* Supporting Files */,
				6B297469207F028000ADE112 /* main.m */,
			);
			path = DMMacEggTimer;
			sourceTree = "<group>";
		};
		6B297474207F30C100ADE112 /* ViewControllers */ = {
			isa = PBXGroup;
			children = (
				6B297460207F027E00ADE112 /* ViewController.h */,
				6B297461207F027E00ADE112 /* ViewController.m */,
				6B297471207F207F00ADE112 /* PrefsViewController.h */,
				6B297472207F207F00ADE112 /* PrefsViewController.m */,
			);
			path = ViewControllers;
			sourceTree = "<group>";
		};
		6B297475207F30F200ADE112 /* Model */ = {
			isa = PBXGroup;
			children = (
				6B297477207F328700ADE112 /* DMEggTimer.h */,
				6B297478207F328700ADE112 /* DMEggTimer.m */,
				6B29747A207F426E00ADE112 /* DMPreferences.h */,
				6B29747B207F426E00ADE112 /* DMPreferences.m */,
			);
			path = Model;
			sourceTree = "<group>";
		};
		6B297476207F311A00ADE112 /* Supporting Files */ = {
			isa = PBXGroup;
			children = (
				6B297468207F028000ADE112 /* Info.plist */,
				6B29746B207F028000ADE112 /* DMMacEggTimer.entitlements */,
			);
			path = "Supporting Files";
			sourceTree = "<group>";
		};
/* End PBXGroup section */

/* Begin PBXNativeTarget section */
		6B297459207F027E00ADE112 /* DMMacEggTimer */ = {
			isa = PBXNativeTarget;
			buildConfigurationList = 6B29746E207F028000ADE112 /* Build configuration list for PBXNativeTarget "DMMacEggTimer" */;
			buildPhases = (
				6B297456207F027E00ADE112 /* Sources */,
				6B297457207F027E00ADE112 /* Frameworks */,
				6B297458207F027E00ADE112 /* Resources */,
			);
			buildRules = (
			);
			dependencies = (
			);
			name = DMMacEggTimer;
			productName = DMMacEggTimer;
			productReference = 6B29745A207F027E00ADE112 /* DMMacEggTimer.app */;
			productType = "com.apple.product-type.application";
		};
/* End PBXNativeTarget section */

/* Begin PBXProject section */
		6B297452207F027E00ADE112 /* Project object */ = {
			isa = PBXProject;
			attributes = {
				LastUpgradeCheck = 0930;
				ORGANIZATIONNAME = lbq;
				TargetAttributes = {
					6B297459207F027E00ADE112 = {
						CreatedOnToolsVersion = 9.3;
					};
				};
			};
			buildConfigurationList = 6B297455207F027E00ADE112 /* Build configuration list for PBXProject "DMMacEggTimer" */;
			compatibilityVersion = "Xcode 9.3";
			developmentRegion = en;
			hasScannedForEncodings = 0;
			knownRegions = (
				en,
				Base,
			);
			mainGroup = 6B297451207F027E00ADE112;
			productRefGroup = 6B29745B207F027E00ADE112 /* Products */;
			projectDirPath = "";
			projectRoot = "";
			targets = (
				6B297459207F027E00ADE112 /* DMMacEggTimer */,
			);
		};
/* End PBXProject section */

/* Begin PBXResourcesBuildPhase section */
		6B297458207F027E00ADE112 /* Resources */ = {
			isa = PBXResourcesBuildPhase;
			buildActionMask = 2147483647;
			files = (
				6B297464207F028000ADE112 /* Assets.xcassets in Resources */,
				6B297467207F028000ADE112 /* Main.storyboard in Resources */,
				6B29747E207F4B7A00ADE112 /* ding.mp3 in Resources */,
			);
			runOnlyForDeploymentPostprocessing = 0;
		};
/* End PBXResourcesBuildPhase section */

/* Begin PBXSourcesBuildPhase section */
		6B297456207F027E00ADE112 /* Sources */ = {
			isa = PBXSourcesBuildPhase;
			buildActionMask = 2147483647;
			files = (
				6B297462207F027E00ADE112 /* ViewController.m in Sources */,
				6B29746A207F028000ADE112 /* main.m in Sources */,
				6B29745F207F027E00ADE112 /* AppDelegate.m in Sources */,
				6B297479207F328700ADE112 /* DMEggTimer.m in Sources */,
				6B297473207F207F00ADE112 /* PrefsViewController.m in Sources */,
				6B29747C207F426E00ADE112 /* DMPreferences.m in Sources */,
			);
			runOnlyForDeploymentPostprocessing = 0;
		};
/* End PBXSourcesBuildPhase section */

/* Begin PBXVariantGroup section */
		6B297465207F028000ADE112 /* Main.storyboard */ = {
			isa = PBXVariantGroup;
			children = (
				6B297466207F028000ADE112 /* Base */,
			);
			name = Main.storyboard;
			sourceTree = "<group>";
		};
/* End PBXVariantGroup section */

/* Begin XCBuildConfiguration section */
		6B29746C207F028000ADE112 /* Debug */ = {
			isa = XCBuildConfiguration;
			buildSettings = {
				ALWAYS_SEARCH_USER_PATHS = NO;
				CLANG_ANALYZER_NONNULL = YES;
				CLANG_ANALYZER_NUMBER_OBJECT_CONVERSION = YES_AGGRESSIVE;
				CLANG_CXX_LANGUAGE_STANDARD = "gnu++14";
				CLANG_CXX_LIBRARY = "libc++";
				CLANG_ENABLE_MODULES = YES;
				CLANG_ENABLE_OBJC_ARC = YES;
				CLANG_ENABLE_OBJC_WEAK = YES;
				CLANG_WARN_BLOCK_CAPTURE_AUTORELEASING = YES;
				CLANG_WARN_BOOL_CONVERSION = YES;
				CLANG_WARN_COMMA = YES;
				CLANG_WARN_CONSTANT_CONVERSION = YES;
				CLANG_WARN_DEPRECATED_OBJC_IMPLEMENTATIONS = YES;
				CLANG_WARN_DIRECT_OBJC_ISA_USAGE = YES_ERROR;
				CLANG_WARN_DOCUMENTATION_COMMENTS = YES;
				CLANG_WARN_EMPTY_BODY = YES;
				CLANG_WARN_ENUM_CONVERSION = YES;
				CLANG_WARN_INFINITE_RECURSION = YES;
				CLANG_WARN_INT_CONVERSION = YES;
				CLANG_WARN_NON_LITERAL_NULL_CONVERSION = YES;
				CLANG_WARN_OBJC_IMPLICIT_RETAIN_SELF = YES;
				CLANG_WARN_OBJC_LITERAL_CONVERSION = YES;
				CLANG_WARN_OBJC_ROOT_CLASS = YES_ERROR;
				CLANG_WARN_RANGE_LOOP_ANALYSIS = YES;
				CLANG_WARN_STRICT_PROTOTYPES = YES;
				CLANG_WARN_SUSPICIOUS_MOVE = YES;
				CLANG_WARN_UNGUARDED_AVAILABILITY = YES_AGGRESSIVE;
				CLANG_WARN_UNREACHABLE_CODE = YES;
				CLANG_WARN__DUPLICATE_METHOD_MATCH = YES;
				CODE_SIGN_IDENTITY = "-";
				COPY_PHASE_STRIP = NO;
				DEBUG_INFORMATION_FORMAT = dwarf;
				ENABLE_STRICT_OBJC_MSGSEND = YES;
				ENABLE_TESTABILITY = YES;
				GCC_C_LANGUAGE_STANDARD = gnu11;
				GCC_DYNAMIC_NO_PIC = NO;
				GCC_NO_COMMON_BLOCKS = YES;
				GCC_OPTIMIZATION_LEVEL = 0;
				GCC_PREPROCESSOR_DEFINITIONS = (
					"DEBUG=1",
					"$(inherited)",
				);
				GCC_WARN_64_TO_32_BIT_CONVERSION = YES;
				GCC_WARN_ABOUT_RETURN_TYPE = YES_ERROR;
				GCC_WARN_UNDECLARED_SELECTOR = YES;
				GCC_WARN_UNINITIALIZED_AUTOS = YES_AGGRESSIVE;
				GCC_WARN_UNUSED_FUNCTION = YES;
				GCC_WARN_UNUSED_VARIABLE = YES;
				MACOSX_DEPLOYMENT_TARGET = 10.13;
				MTL_ENABLE_DEBUG_INFO = YES;
				ONLY_ACTIVE_ARCH = YES;
				SDKROOT = macosx;
			};
			name = Debug;
		};
		6B29746D207F028000ADE112 /* Release */ = {
			isa = XCBuildConfiguration;
			buildSettings = {
				ALWAYS_SEARCH_USER_PATHS = NO;
				CLANG_ANALYZER_NONNULL = YES;
				CLANG_ANALYZER_NUMBER_OBJECT_CONVERSION = YES_AGGRESSIVE;
				CLANG_CXX_LANGUAGE_STANDARD = "gnu++14";
				CLANG_CXX_LIBRARY = "libc++";
				CLANG_ENABLE_MODULES = YES;
				CLANG_ENABLE_OBJC_ARC = YES;
				CLANG_ENABLE_OBJC_WEAK = YES;
				CLANG_WARN_BLOCK_CAPTURE_AUTORELEASING = YES;
				CLANG_WARN_BOOL_CONVERSION = YES;
				CLANG_WARN_COMMA = YES;
				CLANG_WARN_CONSTANT_CONVERSION = YES;
				CLANG_WARN_DEPRECATED_OBJC_IMPLEMENTATIONS = YES;
				CLANG_WARN_DIRECT_OBJC_ISA_USAGE = YES_ERROR;
				CLANG_WARN_DOCUMENTATION_COMMENTS = YES;
				CLANG_WARN_EMPTY_BODY = YES;
				CLANG_WARN_ENUM_CONVERSION = YES;
				CLANG_WARN_INFINITE_RECURSION = YES;
				CLANG_WARN_INT_CONVERSION = YES;
				CLANG_WARN_NON_LITERAL_NULL_CONVERSION = YES;
				CLANG_WARN_OBJC_IMPLICIT_RETAIN_SELF = YES;
				CLANG_WARN_OBJC_LITERAL_CONVERSION = YES;
				CLANG_WARN_OBJC_ROOT_CLASS = YES_ERROR;
				CLANG_WARN_RANGE_LOOP_ANALYSIS = YES;
				CLANG_WARN_STRICT_PROTOTYPES = YES;
				CLANG_WARN_SUSPICIOUS_MOVE = YES;
				CLANG_WARN_UNGUARDED_AVAILABILITY = YES_AGGRESSIVE;
				CLANG_WARN_UNREACHABLE_CODE = YES;
				CLANG_WARN__DUPLICATE_METHOD_MATCH = YES;
				CODE_SIGN_IDENTITY = "-";
				COPY_PHASE_STRIP = NO;
				DEBUG_INFORMATION_FORMAT = "dwarf-with-dsym";
				ENABLE_NS_ASSERTIONS = NO;
				ENABLE_STRICT_OBJC_MSGSEND = YES;
				GCC_C_LANGUAGE_STANDARD = gnu11;
				GCC_NO_COMMON_BLOCKS = YES;
				GCC_WARN_64_TO_32_BIT_CONVERSION = YES;
				GCC_WARN_ABOUT_RETURN_TYPE = YES_ERROR;
				GCC_WARN_UNDECLARED_SELECTOR = YES;
				GCC_WARN_UNINITIALIZED_AUTOS = YES_AGGRESSIVE;
				GCC_WARN_UNUSED_FUNCTION = YES;
				GCC_WARN_UNUSED_VARIABLE = YES;
				MACOSX_DEPLOYMENT_TARGET = 10.13;
				MTL_ENABLE_DEBUG_INFO = NO;
				SDKROOT = macosx;
			};
			name = Release;
		};
		6B29746F207F028000ADE112 /* Debug */ = {
			isa = XCBuildConfiguration;
			buildSettings = {
				ASSETCATALOG_COMPILER_APPICON_NAME = AppIcon;
				CODE_SIGN_ENTITLEMENTS = "DMMacEggTimer/Supporting Files/DMMacEggTimer.entitlements";
				CODE_SIGN_STYLE = Automatic;
				COMBINE_HIDPI_IMAGES = YES;
				INFOPLIST_FILE = "DMMacEggTimer/Supporting Files/Info.plist";
				LD_RUNPATH_SEARCH_PATHS = (
					"$(inherited)",
					"@executable_path/../Frameworks",
				);
				PRODUCT_BUNDLE_IDENTIFIER = com.msb.DMMacEggTimer;
				PRODUCT_NAME = "$(TARGET_NAME)";
			};
			name = Debug;
		};
		6B297470207F028000ADE112 /* Release */ = {
			isa = XCBuildConfiguration;
			buildSettings = {
				ASSETCATALOG_COMPILER_APPICON_NAME = AppIcon;
				CODE_SIGN_ENTITLEMENTS = "DMMacEggTimer/Supporting Files/DMMacEggTimer.entitlements";
				CODE_SIGN_STYLE = Automatic;
				COMBINE_HIDPI_IMAGES = YES;
				INFOPLIST_FILE = "DMMacEggTimer/Supporting Files/Info.plist";
				LD_RUNPATH_SEARCH_PATHS = (
					"$(inherited)",
					"@executable_path/../Frameworks",
				);
				PRODUCT_BUNDLE_IDENTIFIER = com.msb.DMMacEggTimer;
				PRODUCT_NAME = "$(TARGET_NAME)";
			};
			name = Release;
		};
/* End XCBuildConfiguration section */

/* Begin XCConfigurationList section */
		6B297455207F027E00ADE112 /* Build configuration list for PBXProject "DMMacEggTimer" */ = {
			isa = XCConfigurationList;
			buildConfigurations = (
				6B29746C207F028000ADE112 /* Debug */,
				6B29746D207F028000ADE112 /* Release */,
			);
			defaultConfigurationIsVisible = 0;
			defaultConfigurationName = Release;
		};
		6B29746E207F028000ADE112 /* Build configuration list for PBXNativeTarget "DMMacEggTimer" */ = {
			isa = XCConfigurationList;
			buildConfigurations = (
				6B29746F207F028000ADE112 /* Debug */,
				6B297470207F028000ADE112 /* Release */,
			);
			defaultConfigurationIsVisible = 0;
			defaultConfigurationName = Release;
		};
/* End XCConfigurationList section */
	};
	rootObject = 6B297452207F027E00ADE112 /* Project object */;
}
